{
  "name": "studydiff",
  "version": "0.1.0",
  "lockfileVersion": 3,
  "requires": true,
  "packages": {
    "": {
      "name": "studydiff",
      "version": "0.1.0",
      "license": "MIT",
      "dependencies": {
        "@pharmatools/opengate": "^0.9.0"
      },
      "bin": {
        "studydiff": "src/cli.mjs"
      },
      "engines": {
        "node": ">=20"
      }
    },
    "node_modules/@pharmatools/opengate": {
      "version": "0.9.0",
      "resolved": "https://registry.npmjs.org/@pharmatools/opengate/-/opengate-0.9.0.tgz",
      "integrity": "sha512-DCNKeUYIBFx/lvx0Gqp+HqJT+gUlv5e5ehPkmDOVp5JKlNZoGG5rBatxBvadfDqg5c6FTgLBH3xFAqW1+ZSIbQ==",
      "license": "MIT",
      "bin": {
        "opengate": "src/runner.mjs"
      },
      "engines": {
        "node": ">=18"
      }
    }
  }
}
